Microsoft Visual Studio Solution File, Format Version 12.00
# Visual Studio 15
Project("{2150E333-8FDC-42A3-9474-1A3956D46DE8}") = "CMakePredefinedTargets", "CMakePredefinedTargets", "{1A97A18B-097D-3821-BA9C-38D4104224D1}"
EndProject
Project("{2150E333-8FDC-42A3-9474-1A3956D46DE8}") = "GLFW3", "GLFW3", "{82B9100C-9655-3455-9C25-3CE18723B4E7}"
EndProject
Project("{2150E333-8FDC-42A3-9474-1A3956D46DE8}") = "Examples", "GLFW3\Examples", "{CE002576-5EB8-3A68-AB01-5160A9C24ECA}"
EndProject
Project("{2150E333-8FDC-42A3-9474-1A3956D46DE8}") = "Tests", "GLFW3\Tests", "{97B1CC6C-9A00-3E4D-BC4A-623A42E789FC}"
EndProject
Project("{8BC9CEB8-8B4A-11D0-8D11-00A0C91BC942}") = "ALL_BUILD", "ALL_BUILD.vcxproj", "{ACE8E322-00F9-3DB1-B40C-801C75CB0CF2}"
	ProjectSection(ProjectDependencies) = postProject
		{1000D987-5D99-3DC0-BC58-6C1E1F155F86} = {1000D987-5D99-3DC0-BC58-6C1E1F155F86}
		{B134B293-12C4-31A0-B091-DF02F81FD855} = {B134B293-12C4-31A0-B091-DF02F81FD855}
		{6A46F1C0-8981-3BB6-8E8D-E255DC6DEA2C} = {6A46F1C0-8981-3BB6-8E8D-E255DC6DEA2C}
		{222B539A-298D-315E-A25E-AD0710A07D1A} = {222B539A-298D-315E-A25E-AD0710A07D1A}
		{36B623E6-8FCF-375F-A627-CE24E8A75814} = {36B623E6-8FCF-375F-A627-CE24E8A75814}
		{1FC469C7-8AC0-3053-A599-2C43C516FDB8} = {1FC469C7-8AC0-3053-A599-2C43C516FDB8}
		{A0F609C4-471D-3BBD-89C5-C8A2FCB3AE8B} = {A0F609C4-471D-3BBD-89C5-C8A2FCB3AE8B}
		{444C12B2-B927-323B-9E30-219CC1ACE68B} = {444C12B2-B927-323B-9E30-219CC1ACE68B}
		{2C42FA15-CB55-3A0A-AFC5-D20D4382FF99} = {2C42FA15-CB55-3A0A-AFC5-D20D4382FF99}
		{1405AECC-998A-3154-B9B6-B3736034748F} = {1405AECC-998A-3154-B9B6-B3736034748F}
		{9663D94C-C40F-3BFC-85E1-55C85DC2AA73} = {9663D94C-C40F-3BFC-85E1-55C85DC2AA73}
		{A549B825-4F02-3AE9-872A-4B1E31D91089} = {A549B825-4F02-3AE9-872A-4B1E31D91089}
		{89DE8D4C-53C1-3EC1-A827-F9B54216C1A1} = {89DE8D4C-53C1-3EC1-A827-F9B54216C1A1}
		{146D5546-F52D-3BEF-AF82-21589E4E8815} = {146D5546-F52D-3BEF-AF82-21589E4E8815}
		{29818074-C8BC-30A5-9097-F0E283A36DE1} = {29818074-C8BC-30A5-9097-F0E283A36DE1}
		{74252229-768E-392C-927C-D07A7F707A0B} = {74252229-768E-392C-927C-D07A7F707A0B}
		{BFF2F439-AA97-3160-B29C-D718C18E468B} = {BFF2F439-AA97-3160-B29C-D718C18E468B}
		{C2EB5CF1-9E45-3C64-8223-1011B0533C1B} = {C2EB5CF1-9E45-3C64-8223-1011B0533C1B}
		{469BD3E4-C7AB-36BE-A755-74C4AD41866F} = {469BD3E4-C7AB-36BE-A755-74C4AD41866F}
		{8AC0A74A-E866-3D4E-A144-0C61CD8E944E} = {8AC0A74A-E866-3D4E-A144-0C61CD8E944E}
		{E2D73CF2-D163-3BCA-95E3-90B493C43AA4} = {E2D73CF2-D163-3BCA-95E3-90B493C43AA4}
		{CE1A8894-FDF5-3CE1-A652-261C51671A92} = {CE1A8894-FDF5-3CE1-A652-261C51671A92}
		{6DCCB669-46DA-3F54-B453-24F34AA43C0E} = {6DCCB669-46DA-3F54-B453-24F34AA43C0E}
		{3C39BDA9-1485-3E3D-9F1B-43A964657E78} = {3C39BDA9-1485-3E3D-9F1B-43A964657E78}
		{BBF34D67-6EE5-314E-9C4B-D67B543963C2} = {BBF34D67-6EE5-314E-9C4B-D67B543963C2}
		{B2FAF5E4-6991-3823-B6E4-3AE91C80273F} = {B2FAF5E4-6991-3823-B6E4-3AE91C80273F}
		{B49AFE34-C828-346C-ABEF-5559CF5DE539} = {B49AFE34-C828-346C-ABEF-5559CF5DE539}
	EndProjectSection
EndProject
Project("{8BC9CEB8-8B4A-11D0-8D11-00A0C91BC942}") = "INSTALL", "INSTALL.vcxproj", "{6451778F-38E6-3B22-A059-2EC6FE2363C7}"
	ProjectSection(ProjectDependencies) = postProject
		{ACE8E322-00F9-3DB1-B40C-801C75CB0CF2} = {ACE8E322-00F9-3DB1-B40C-801C75CB0CF2}
		{1000D987-5D99-3DC0-BC58-6C1E1F155F86} = {1000D987-5D99-3DC0-BC58-6C1E1F155F86}
	EndProjectSection
EndProject
Project("{8BC9CEB8-8B4A-11D0-8D11-00A0C91BC942}") = "ZERO_CHECK", "ZERO_CHECK.vcxproj", "{1000D987-5D99-3DC0-BC58-6C1E1F155F86}"
	ProjectSection(ProjectDependencies) = postProject
	EndProjectSection
EndProject
Project("{8BC9CEB8-8B4A-11D0-8D11-00A0C91BC942}") = "boing", "examples\boing.vcxproj", "{B134B293-12C4-31A0-B091-DF02F81FD855}"
	ProjectSection(ProjectDependencies) = postProject
		{1000D987-5D99-3DC0-BC58-6C1E1F155F86} = {1000D987-5D99-3DC0-BC58-6C1E1F155F86}
		{2C42FA15-CB55-3A0A-AFC5-D20D4382FF99} = {2C42FA15-CB55-3A0A-AFC5-D20D4382FF99}
	EndProjectSection
EndProject
Project("{8BC9CEB8-8B4A-11D0-8D11-00A0C91BC942}") = "clipboard", "tests\clipboard.vcxproj", "{6A46F1C0-8981-3BB6-8E8D-E255DC6DEA2C}"
	ProjectSection(ProjectDependencies) = postProject
		{1000D987-5D99-3DC0-BC58-6C1E1F155F86} = {1000D987-5D99-3DC0-BC58-6C1E1F155F86}
		{2C42FA15-CB55-3A0A-AFC5-D20D4382FF99} = {2C42FA15-CB55-3A0A-AFC5-D20D4382FF99}
	EndProjectSection
EndProject
Project("{8BC9CEB8-8B4A-11D0-8D11-00A0C91BC942}") = "cursor", "tests\cursor.vcxproj", "{222B539A-298D-315E-A25E-AD0710A07D1A}"
	ProjectSection(ProjectDependencies) = postProject
		{1000D987-5D99-3DC0-BC58-6C1E1F155F86} = {1000D987-5D99-3DC0-BC58-6C1E1F155F86}
		{2C42FA15-CB55-3A0A-AFC5-D20D4382FF99} = {2C42FA15-CB55-3A0A-AFC5-D20D4382FF99}
	EndProjectSection
EndProject
Project("{8BC9CEB8-8B4A-11D0-8D11-00A0C91BC942}") = "empty", "tests\empty.vcxproj", "{36B623E6-8FCF-375F-A627-CE24E8A75814}"
	ProjectSection(ProjectDependencies) = postProject
		{1000D987-5D99-3DC0-BC58-6C1E1F155F86} = {1000D987-5D99-3DC0-BC58-6C1E1F155F86}
		{2C42FA15-CB55-3A0A-AFC5-D20D4382FF99} = {2C42FA15-CB55-3A0A-AFC5-D20D4382FF99}
	EndProjectSection
EndProject
Project("{8BC9CEB8-8B4A-11D0-8D11-00A0C91BC942}") = "events", "tests\events.vcxproj", "{1FC469C7-8AC0-3053-A599-2C43C516FDB8}"
	ProjectSection(ProjectDependencies) = postProject
		{1000D987-5D99-3DC0-BC58-6C1E1F155F86} = {1000D987-5D99-3DC0-BC58-6C1E1F155F86}
		{2C42FA15-CB55-3A0A-AFC5-D20D4382FF99} = {2C42FA15-CB55-3A0A-AFC5-D20D4382FF99}
	EndProjectSection
EndProject
Project("{8BC9CEB8-8B4A-11D0-8D11-00A0C91BC942}") = "gamma", "tests\gamma.vcxproj", "{A0F609C4-471D-3BBD-89C5-C8A2FCB3AE8B}"
	ProjectSection(ProjectDependencies) = postProject
		{1000D987-5D99-3DC0-BC58-6C1E1F155F86} = {1000D987-5D99-3DC0-BC58-6C1E1F155F86}
		{2C42FA15-CB55-3A0A-AFC5-D20D4382FF99} = {2C42FA15-CB55-3A0A-AFC5-D20D4382FF99}
	EndProjectSection
EndProject
Project("{8BC9CEB8-8B4A-11D0-8D11-00A0C91BC942}") = "gears", "examples\gears.vcxproj", "{444C12B2-B927-323B-9E30-219CC1ACE68B}"
	ProjectSection(ProjectDependencies) = postProject
		{1000D987-5D99-3DC0-BC58-6C1E1F155F86} = {1000D987-5D99-3DC0-BC58-6C1E1F155F86}
		{2C42FA15-CB55-3A0A-AFC5-D20D4382FF99} = {2C42FA15-CB55-3A0A-AFC5-D20D4382FF99}
	EndProjectSection
EndProject
Project("{8BC9CEB8-8B4A-11D0-8D11-00A0C91BC942}") = "glfw", "src\glfw.vcxproj", "{2C42FA15-CB55-3A0A-AFC5-D20D4382FF99}"
	ProjectSection(ProjectDependencies) = postProject
		{1000D987-5D99-3DC0-BC58-6C1E1F155F86} = {1000D987-5D99-3DC0-BC58-6C1E1F155F86}
	EndProjectSection
EndProject
Project("{8BC9CEB8-8B4A-11D0-8D11-00A0C91BC942}") = "glfwinfo", "tests\glfwinfo.vcxproj", "{1405AECC-998A-3154-B9B6-B3736034748F}"
	ProjectSection(ProjectDependencies) = postProject
		{1000D987-5D99-3DC0-BC58-6C1E1F155F86} = {1000D987-5D99-3DC0-BC58-6C1E1F155F86}
		{2C42FA15-CB55-3A0A-AFC5-D20D4382FF99} = {2C42FA15-CB55-3A0A-AFC5-D20D4382FF99}
	EndProjectSection
EndProject
Project("{8BC9CEB8-8B4A-11D0-8D11-00A0C91BC942}") = "heightmap", "examples\heightmap.vcxproj", "{9663D94C-C40F-3BFC-85E1-55C85DC2AA73}"
	ProjectSection(ProjectDependencies) = postProject
		{1000D987-5D99-3DC0-BC58-6C1E1F155F86} = {1000D987-5D99-3DC0-BC58-6C1E1F155F86}
		{2C42FA15-CB55-3A0A-AFC5-D20D4382FF99} = {2C42FA15-CB55-3A0A-AFC5-D20D4382FF99}
	EndProjectSection
EndProject
Project("{8BC9CEB8-8B4A-11D0-8D11-00A0C91BC942}") = "icon", "tests\icon.vcxproj", "{A549B825-4F02-3AE9-872A-4B1E31D91089}"
	ProjectSection(ProjectDependencies) = postProject
		{1000D987-5D99-3DC0-BC58-6C1E1F155F86} = {1000D987-5D99-3DC0-BC58-6C1E1F155F86}
		{2C42FA15-CB55-3A0A-AFC5-D20D4382FF99} = {2C42FA15-CB55-3A0A-AFC5-D20D4382FF99}
	EndProjectSection
EndProject
Project("{8BC9CEB8-8B4A-11D0-8D11-00A0C91BC942}") = "iconify", "tests\iconify.vcxproj", "{89DE8D4C-53C1-3EC1-A827-F9B54216C1A1}"
	ProjectSection(ProjectDependencies) = postProject
		{1000D987-5D99-3DC0-BC58-6C1E1F155F86} = {1000D987-5D99-3DC0-BC58-6C1E1F155F86}
		{2C42FA15-CB55-3A0A-AFC5-D20D4382FF99} = {2C42FA15-CB55-3A0A-AFC5-D20D4382FF99}
	EndProjectSection
EndProject
Project("{8BC9CEB8-8B4A-11D0-8D11-00A0C91BC942}") = "joysticks", "tests\joysticks.vcxproj", "{146D5546-F52D-3BEF-AF82-21589E4E8815}"
	ProjectSection(ProjectDependencies) = postProject
		{1000D987-5D99-3DC0-BC58-6C1E1F155F86} = {1000D987-5D99-3DC0-BC58-6C1E1F155F86}
		{2C42FA15-CB55-3A0A-AFC5-D20D4382FF99} = {2C42FA15-CB55-3A0A-AFC5-D20D4382FF99}
	EndProjectSection
EndProject
Project("{8BC9CEB8-8B4A-11D0-8D11-00A0C91BC942}") = "monitors", "tests\monitors.vcxproj", "{29818074-C8BC-30A5-9097-F0E283A36DE1}"
	ProjectSection(ProjectDependencies) = postProject
		{1000D987-5D99-3DC0-BC58-6C1E1F155F86} = {1000D987-5D99-3DC0-BC58-6C1E1F155F86}
		{2C42FA15-CB55-3A0A-AFC5-D20D4382FF99} = {2C42FA15-CB55-3A0A-AFC5-D20D4382FF99}
	EndProjectSection
EndProject
Project("{8BC9CEB8-8B4A-11D0-8D11-00A0C91BC942}") = "msaa", "tests\msaa.vcxproj", "{74252229-768E-392C-927C-D07A7F707A0B}"
	ProjectSection(ProjectDependencies) = postProject
		{1000D987-5D99-3DC0-BC58-6C1E1F155F86} = {1000D987-5D99-3DC0-BC58-6C1E1F155F86}
		{2C42FA15-CB55-3A0A-AFC5-D20D4382FF99} = {2C42FA15-CB55-3A0A-AFC5-D20D4382FF99}
	EndProjectSection
EndProject
Project("{8BC9CEB8-8B4A-11D0-8D11-00A0C91BC942}") = "particles", "examples\particles.vcxproj", "{BFF2F439-AA97-3160-B29C-D718C18E468B}"
	ProjectSection(ProjectDependencies) = postProject
		{1000D987-5D99-3DC0-BC58-6C1E1F155F86} = {1000D987-5D99-3DC0-BC58-6C1E1F155F86}
		{2C42FA15-CB55-3A0A-AFC5-D20D4382FF99} = {2C42FA15-CB55-3A0A-AFC5-D20D4382FF99}
	EndProjectSection
EndProject
Project("{8BC9CEB8-8B4A-11D0-8D11-00A0C91BC942}") = "reopen", "tests\reopen.vcxproj", "{C2EB5CF1-9E45-3C64-8223-1011B0533C1B}"
	ProjectSection(ProjectDependencies) = postProject
		{1000D987-5D99-3DC0-BC58-6C1E1F155F86} = {1000D987-5D99-3DC0-BC58-6C1E1F155F86}
		{2C42FA15-CB55-3A0A-AFC5-D20D4382FF99} = {2C42FA15-CB55-3A0A-AFC5-D20D4382FF99}
	EndProjectSection
EndProject
Project("{8BC9CEB8-8B4A-11D0-8D11-00A0C91BC942}") = "sharing", "tests\sharing.vcxproj", "{469BD3E4-C7AB-36BE-A755-74C4AD41866F}"
	ProjectSection(ProjectDependencies) = postProject
		{1000D987-5D99-3DC0-BC58-6C1E1F155F86} = {1000D987-5D99-3DC0-BC58-6C1E1F155F86}
		{2C42FA15-CB55-3A0A-AFC5-D20D4382FF99} = {2C42FA15-CB55-3A0A-AFC5-D20D4382FF99}
	EndProjectSection
EndProject
Project("{8BC9CEB8-8B4A-11D0-8D11-00A0C91BC942}") = "simple", "examples\simple.vcxproj", "{8AC0A74A-E866-3D4E-A144-0C61CD8E944E}"
	ProjectSection(ProjectDependencies) = postProject
		{1000D987-5D99-3DC0-BC58-6C1E1F155F86} = {1000D987-5D99-3DC0-BC58-6C1E1F155F86}
		{2C42FA15-CB55-3A0A-AFC5-D20D4382FF99} = {2C42FA15-CB55-3A0A-AFC5-D20D4382FF99}
	EndProjectSection
EndProject
Project("{8BC9CEB8-8B4A-11D0-8D11-00A0C91BC942}") = "splitview", "examples\splitview.vcxproj", "{E2D73CF2-D163-3BCA-95E3-90B493C43AA4}"
	ProjectSection(ProjectDependencies) = postProject
		{1000D987-5D99-3DC0-BC58-6C1E1F155F86} = {1000D987-5D99-3DC0-BC58-6C1E1F155F86}
		{2C42FA15-CB55-3A0A-AFC5-D20D4382FF99} = {2C42FA15-CB55-3A0A-AFC5-D20D4382FF99}
	EndProjectSection
EndProject
Project("{8BC9CEB8-8B4A-11D0-8D11-00A0C91BC942}") = "tearing", "tests\tearing.vcxproj", "{CE1A8894-FDF5-3CE1-A652-261C51671A92}"
	ProjectSection(ProjectDependencies) = postProject
		{1000D987-5D99-3DC0-BC58-6C1E1F155F86} = {1000D987-5D99-3DC0-BC58-6C1E1F155F86}
		{2C42FA15-CB55-3A0A-AFC5-D20D4382FF99} = {2C42FA15-CB55-3A0A-AFC5-D20D4382FF99}
	EndProjectSection
EndProject
Project("{8BC9CEB8-8B4A-11D0-8D11-00A0C91BC942}") = "threads", "tests\threads.vcxproj", "{6DCCB669-46DA-3F54-B453-24F34AA43C0E}"
	ProjectSection(ProjectDependencies) = postProject
		{1000D987-5D99-3DC0-BC58-6C1E1F155F86} = {1000D987-5D99-3DC0-BC58-6C1E1F155F86}
		{2C42FA15-CB55-3A0A-AFC5-D20D4382FF99} = {2C42FA15-CB55-3A0A-AFC5-D20D4382FF99}
	EndProjectSection
EndProject
Project("{8BC9CEB8-8B4A-11D0-8D11-00A0C91BC942}") = "timeout", "tests\timeout.vcxproj", "{3C39BDA9-1485-3E3D-9F1B-43A964657E78}"
	ProjectSection(ProjectDependencies) = postProject
		{1000D987-5D99-3DC0-BC58-6C1E1F155F86} = {1000D987-5D99-3DC0-BC58-6C1E1F155F86}
		{2C42FA15-CB55-3A0A-AFC5-D20D4382FF99} = {2C42FA15-CB55-3A0A-AFC5-D20D4382FF99}
	EndProjectSection
EndProject
Project("{8BC9CEB8-8B4A-11D0-8D11-00A0C91BC942}") = "title", "tests\title.vcxproj", "{BBF34D67-6EE5-314E-9C4B-D67B543963C2}"
	ProjectSection(ProjectDependencies) = postProject
		{1000D987-5D99-3DC0-BC58-6C1E1F155F86} = {1000D987-5D99-3DC0-BC58-6C1E1F155F86}
		{2C42FA15-CB55-3A0A-AFC5-D20D4382FF99} = {2C42FA15-CB55-3A0A-AFC5-D20D4382FF99}
	EndProjectSection
EndProject
Project("{8BC9CEB8-8B4A-11D0-8D11-00A0C91BC942}") = "uninstall", "uninstall.vcxproj", "{0C5B1400-A4B5-334A-BF29-EDC1A9FA9273}"
	ProjectSection(ProjectDependencies) = postProject
		{1000D987-5D99-3DC0-BC58-6C1E1F155F86} = {1000D987-5D99-3DC0-BC58-6C1E1F155F86}
	EndProjectSection
EndProject
Project("{8BC9CEB8-8B4A-11D0-8D11-00A0C91BC942}") = "wave", "examples\wave.vcxproj", "{B2FAF5E4-6991-3823-B6E4-3AE91C80273F}"
	ProjectSection(ProjectDependencies) = postProject
		{1000D987-5D99-3DC0-BC58-6C1E1F155F86} = {1000D987-5D99-3DC0-BC58-6C1E1F155F86}
		{2C42FA15-CB55-3A0A-AFC5-D20D4382FF99} = {2C42FA15-CB55-3A0A-AFC5-D20D4382FF99}
	EndProjectSection
EndProject
Project("{8BC9CEB8-8B4A-11D0-8D11-00A0C91BC942}") = "windows", "tests\windows.vcxproj", "{B49AFE34-C828-346C-ABEF-5559CF5DE539}"
	ProjectSection(ProjectDependencies) = postProject
		{1000D987-5D99-3DC0-BC58-6C1E1F155F86} = {1000D987-5D99-3DC0-BC58-6C1E1F155F86}
		{2C42FA15-CB55-3A0A-AFC5-D20D4382FF99} = {2C42FA15-CB55-3A0A-AFC5-D20D4382FF99}
	EndProjectSection
EndProject
Global
	GlobalSection(SolutionConfigurationPlatforms) = preSolution
		Debug|Win32 = Debug|Win32
		Release|Win32 = Release|Win32
		MinSizeRel|Win32 = MinSizeRel|Win32
		RelWithDebInfo|Win32 = RelWithDebInfo|Win32
	EndGlobalSection
	GlobalSection(ProjectConfigurationPlatforms) = postSolution
		{ACE8E322-00F9-3DB1-B40C-801C75CB0CF2}.Debug|Win32.ActiveCfg = Debug|Win32
		{ACE8E322-00F9-3DB1-B40C-801C75CB0CF2}.Debug|Win32.Build.0 = Debug|Win32
		{ACE8E322-00F9-3DB1-B40C-801C75CB0CF2}.Release|Win32.ActiveCfg = Release|Win32
		{ACE8E322-00F9-3DB1-B40C-801C75CB0CF2}.Release|Win32.Build.0 = Release|Win32
		{ACE8E322-00F9-3DB1-B40C-801C75CB0CF2}.MinSizeRel|Win32.ActiveCfg = MinSizeRel|Win32
		{ACE8E322-00F9-3DB1-B40C-801C75CB0CF2}.MinSizeRel|Win32.Build.0 = MinSizeRel|Win32
		{ACE8E322-00F9-3DB1-B40C-801C75CB0CF2}.RelWithDebInfo|Win32.ActiveCfg = RelWithDebInfo|Win32
		{ACE8E322-00F9-3DB1-B40C-801C75CB0CF2}.RelWithDebInfo|Win32.Build.0 = RelWithDebInfo|Win32
		{6451778F-38E6-3B22-A059-2EC6FE2363C7}.Debug|Win32.ActiveCfg = Debug|Win32
		{6451778F-38E6-3B22-A059-2EC6FE2363C7}.Release|Win32.ActiveCfg = Release|Win32
		{6451778F-38E6-3B22-A059-2EC6FE2363C7}.MinSizeRel|Win32.ActiveCfg = MinSizeRel|Win32
		{6451778F-38E6-3B22-A059-2EC6FE2363C7}.RelWithDebInfo|Win32.ActiveCfg = RelWithDebInfo|Win32
		{1000D987-5D99-3DC0-BC58-6C1E1F155F86}.Debug|Win32.ActiveCfg = Debug|Win32
		{1000D987-5D99-3DC0-BC58-6C1E1F155F86}.Debug|Win32.Build.0 = Debug|Win32
		{1000D987-5D99-3DC0-BC58-6C1E1F155F86}.Release|Win32.ActiveCfg = Release|Win32
		{1000D987-5D99-3DC0-BC58-6C1E1F155F86}.Release|Win32.Build.0 = Release|Win32
		{1000D987-5D99-3DC0-BC58-6C1E1F155F86}.MinSizeRel|Win32.ActiveCfg = MinSizeRel|Win32
		{1000D987-5D99-3DC0-BC58-6C1E1F155F86}.MinSizeRel|Win32.Build.0 = MinSizeRel|Win32
		{1000D987-5D99-3DC0-BC58-6C1E1F155F86}.RelWithDebInfo|Win32.ActiveCfg = RelWithDebInfo|Win32
		{1000D987-5D99-3DC0-BC58-6C1E1F155F86}.RelWithDebInfo|Win32.Build.0 = RelWithDebInfo|Win32
		{B134B293-12C4-31A0-B091-DF02F81FD855}.Debug|Win32.ActiveCfg = Debug|Win32
		{B134B293-12C4-31A0-B091-DF02F81FD855}.Debug|Win32.Build.0 = Debug|Win32
		{B134B293-12C4-31A0-B091-DF02F81FD855}.Release|Win32.ActiveCfg = Release|Win32
		{B134B293-12C4-31A0-B091-DF02F81FD855}.Release|Win32.Build.0 = Release|Win32
		{B134B293-12C4-31A0-B091-DF02F81FD855}.MinSizeRel|Win32.ActiveCfg = MinSizeRel|Win32
		{B134B293-12C4-31A0-B091-DF02F81FD855}.MinSizeRel|Win32.Build.0 = MinSizeRel|Win32
		{B134B293-12C4-31A0-B091-DF02F81FD855}.RelWithDebInfo|Win32.ActiveCfg = RelWithDebInfo|Win32
		{B134B293-12C4-31A0-B091-DF02F81FD855}.RelWithDebInfo|Win32.Build.0 = RelWithDebInfo|Win32
		{6A46F1C0-8981-3BB6-8E8D-E255DC6DEA2C}.Debug|Win32.ActiveCfg = Debug|Win32
		{6A46F1C0-8981-3BB6-8E8D-E255DC6DEA2C}.Debug|Win32.Build.0 = Debug|Win32
		{6A46F1C0-8981-3BB6-8E8D-E255DC6DEA2C}.Release|Win32.ActiveCfg = Release|Win32
		{6A46F1C0-8981-3BB6-8E8D-E255DC6DEA2C}.Release|Win32.Build.0 = Release|Win32
		{6A46F1C0-8981-3BB6-8E8D-E255DC6DEA2C}.MinSizeRel|Win32.ActiveCfg = MinSizeRel|Win32
		{6A46F1C0-8981-3BB6-8E8D-E255DC6DEA2C}.MinSizeRel|Win32.Build.0 = MinSizeRel|Win32
		{6A46F1C0-8981-3BB6-8E8D-E255DC6DEA2C}.RelWithDebInfo|Win32.ActiveCfg = RelWithDebInfo|Win32
		{6A46F1C0-8981-3BB6-8E8D-E255DC6DEA2C}.RelWithDebInfo|Win32.Build.0 = RelWithDebInfo|Win32
		{222B539A-298D-315E-A25E-AD0710A07D1A}.Debug|Win32.ActiveCfg = Debug|Win32
		{222B539A-298D-315E-A25E-AD0710A07D1A}.Debug|Win32.Build.0 = Debug|Win32
		{222B539A-298D-315E-A25E-AD0710A07D1A}.Release|Win32.ActiveCfg = Release|Win32
		{222B539A-298D-315E-A25E-AD0710A07D1A}.Release|Win32.Build.0 = Release|Win32
		{222B539A-298D-315E-A25E-AD0710A07D1A}.MinSizeRel|Win32.ActiveCfg = MinSizeRel|Win32
		{222B539A-298D-315E-A25E-AD0710A07D1A}.MinSizeRel|Win32.Build.0 = MinSizeRel|Win32
		{222B539A-298D-315E-A25E-AD0710A07D1A}.RelWithDebInfo|Win32.ActiveCfg = RelWithDebInfo|Win32
		{222B539A-298D-315E-A25E-AD0710A07D1A}.RelWithDebInfo|Win32.Build.0 = RelWithDebInfo|Win32
		{36B623E6-8FCF-375F-A627-CE24E8A75814}.Debug|Win32.ActiveCfg = Debug|Win32
		{36B623E6-8FCF-375F-A627-CE24E8A75814}.Debug|Win32.Build.0 = Debug|Win32
		{36B623E6-8FCF-375F-A627-CE24E8A75814}.Release|Win32.ActiveCfg = Release|Win32
		{36B623E6-8FCF-375F-A627-CE24E8A75814}.Release|Win32.Build.0 = Release|Win32
		{36B623E6-8FCF-375F-A627-CE24E8A75814}.MinSizeRel|Win32.ActiveCfg = MinSizeRel|Win32
		{36B623E6-8FCF-375F-A627-CE24E8A75814}.MinSizeRel|Win32.Build.0 = MinSizeRel|Win32
		{36B623E6-8FCF-375F-A627-CE24E8A75814}.RelWithDebInfo|Win32.ActiveCfg = RelWithDebInfo|Win32
		{36B623E6-8FCF-375F-A627-CE24E8A75814}.RelWithDebInfo|Win32.Build.0 = RelWithDebInfo|Win32
		{1FC469C7-8AC0-3053-A599-2C43C516FDB8}.Debug|Win32.ActiveCfg = Debug|Win32
		{1FC469C7-8AC0-3053-A599-2C43C516FDB8}.Debug|Win32.Build.0 = Debug|Win32
		{1FC469C7-8AC0-3053-A599-2C43C516FDB8}.Release|Win32.ActiveCfg = Release|Win32
		{1FC469C7-8AC0-3053-A599-2C43C516FDB8}.Release|Win32.Build.0 = Release|Win32
		{1FC469C7-8AC0-3053-A599-2C43C516FDB8}.MinSizeRel|Win32.ActiveCfg = MinSizeRel|Win32
		{1FC469C7-8AC0-3053-A599-2C43C516FDB8}.MinSizeRel|Win32.Build.0 = MinSizeRel|Win32
		{1FC469C7-8AC0-3053-A599-2C43C516FDB8}.RelWithDebInfo|Win32.ActiveCfg = RelWithDebInfo|Win32
		{1FC469C7-8AC0-3053-A599-2C43C516FDB8}.RelWithDebInfo|Win32.Build.0 = RelWithDebInfo|Win32
		{A0F609C4-471D-3BBD-89C5-C8A2FCB3AE8B}.Debug|Win32.ActiveCfg = Debug|Win32
		{A0F609C4-471D-3BBD-89C5-C8A2FCB3AE8B}.Debug|Win32.Build.0 = Debug|Win32
		{A0F609C4-471D-3BBD-89C5-C8A2FCB3AE8B}.Release|Win32.ActiveCfg = Release|Win32
		{A0F609C4-471D-3BBD-89C5-C8A2FCB3AE8B}.Release|Win32.Build.0 = Release|Win32
		{A0F609C4-471D-3BBD-89C5-C8A2FCB3AE8B}.MinSizeRel|Win32.ActiveCfg = MinSizeRel|Win32
		{A0F609C4-471D-3BBD-89C5-C8A2FCB3AE8B}.MinSizeRel|Win32.Build.0 = MinSizeRel|Win32
		{A0F609C4-471D-3BBD-89C5-C8A2FCB3AE8B}.RelWithDebInfo|Win32.ActiveCfg = RelWithDebInfo|Win32
		{A0F609C4-471D-3BBD-89C5-C8A2FCB3AE8B}.RelWithDebInfo|Win32.Build.0 = RelWithDebInfo|Win32
		{444C12B2-B927-323B-9E30-219CC1ACE68B}.Debug|Win32.ActiveCfg = Debug|Win32
		{444C12B2-B927-323B-9E30-219CC1ACE68B}.Debug|Win32.Build.0 = Debug|Win32
		{444C12B2-B927-323B-9E30-219CC1ACE68B}.Release|Win32.ActiveCfg = Release|Win32
		{444C12B2-B927-323B-9E30-219CC1ACE68B}.Release|Win32.Build.0 = Release|Win32
		{444C12B2-B927-323B-9E30-219CC1ACE68B}.MinSizeRel|Win32.ActiveCfg = MinSizeRel|Win32
		{444C12B2-B927-323B-9E30-219CC1ACE68B}.MinSizeRel|Win32.Build.0 = MinSizeRel|Win32
		{444C12B2-B927-323B-9E30-219CC1ACE68B}.RelWithDebInfo|Win32.ActiveCfg = RelWithDebInfo|Win32
		{444C12B2-B927-323B-9E30-219CC1ACE68B}.RelWithDebInfo|Win32.Build.0 = RelWithDebInfo|Win32
		{2C42FA15-CB55-3A0A-AFC5-D20D4382FF99}.Debug|Win32.ActiveCfg = Debug|Win32
		{2C42FA15-CB55-3A0A-AFC5-D20D4382FF99}.Debug|Win32.Build.0 = Debug|Win32
		{2C42FA15-CB55-3A0A-AFC5-D20D4382FF99}.Release|Win32.ActiveCfg = Release|Win32
		{2C42FA15-CB55-3A0A-AFC5-D20D4382FF99}.Release|Win32.Build.0 = Release|Win32
		{2C42FA15-CB55-3A0A-AFC5-D20D4382FF99}.MinSizeRel|Win32.ActiveCfg = MinSizeRel|Win32
		{2C42FA15-CB55-3A0A-AFC5-D20D4382FF99}.MinSizeRel|Win32.Build.0 = MinSizeRel|Win32
		{2C42FA15-CB55-3A0A-AFC5-D20D4382FF99}.RelWithDebInfo|Win32.ActiveCfg = RelWithDebInfo|Win32
		{2C42FA15-CB55-3A0A-AFC5-D20D4382FF99}.RelWithDebInfo|Win32.Build.0 = RelWithDebInfo|Win32
		{1405AECC-998A-3154-B9B6-B3736034748F}.Debug|Win32.ActiveCfg = Debug|Win32
		{1405AECC-998A-3154-B9B6-B3736034748F}.Debug|Win32.Build.0 = Debug|Win32
		{1405AECC-998A-3154-B9B6-B3736034748F}.Release|Win32.ActiveCfg = Release|Win32
		{1405AECC-998A-3154-B9B6-B3736034748F}.Release|Win32.Build.0 = Release|Win32
		{1405AECC-998A-3154-B9B6-B3736034748F}.MinSizeRel|Win32.ActiveCfg = MinSizeRel|Win32
		{1405AECC-998A-3154-B9B6-B3736034748F}.MinSizeRel|Win32.Build.0 = MinSizeRel|Win32
		{1405AECC-998A-3154-B9B6-B3736034748F}.RelWithDebInfo|Win32.ActiveCfg = RelWithDebInfo|Win32
		{1405AECC-998A-3154-B9B6-B3736034748F}.RelWithDebInfo|Win32.Build.0 = RelWithDebInfo|Win32
		{9663D94C-C40F-3BFC-85E1-55C85DC2AA73}.Debug|Win32.ActiveCfg = Debug|Win32
		{9663D94C-C40F-3BFC-85E1-55C85DC2AA73}.Debug|Win32.Build.0 = Debug|Win32
		{9663D94C-C40F-3BFC-85E1-55C85DC2AA73}.Release|Win32.ActiveCfg = Release|Win32
		{9663D94C-C40F-3BFC-85E1-55C85DC2AA73}.Release|Win32.Build.0 = Release|Win32
		{9663D94C-C40F-3BFC-85E1-55C85DC2AA73}.MinSizeRel|Win32.ActiveCfg = MinSizeRel|Win32
		{9663D94C-C40F-3BFC-85E1-55C85DC2AA73}.MinSizeRel|Win32.Build.0 = MinSizeRel|Win32
		{9663D94C-C40F-3BFC-85E1-55C85DC2AA73}.RelWithDebInfo|Win32.ActiveCfg = RelWithDebInfo|Win32
		{9663D94C-C40F-3BFC-85E1-55C85DC2AA73}.RelWithDebInfo|Win32.Build.0 = RelWithDebInfo|Win32
		{A549B825-4F02-3AE9-872A-4B1E31D91089}.Debug|Win32.ActiveCfg = Debug|Win32
		{A549B825-4F02-3AE9-872A-4B1E31D91089}.Debug|Win32.Build.0 = Debug|Win32
		{A549B825-4F02-3AE9-872A-4B1E31D91089}.Release|Win32.ActiveCfg = Release|Win32
		{A549B825-4F02-3AE9-872A-4B1E31D91089}.Release|Win32.Build.0 = Release|Win32
		{A549B825-4F02-3AE9-872A-4B1E31D91089}.MinSizeRel|Win32.ActiveCfg = MinSizeRel|Win32
		{A549B825-4F02-3AE9-872A-4B1E31D91089}.MinSizeRel|Win32.Build.0 = MinSizeRel|Win32
		{A549B825-4F02-3AE9-872A-4B1E31D91089}.RelWithDebInfo|Win32.ActiveCfg = RelWithDebInfo|Win32
		{A549B825-4F02-3AE9-872A-4B1E31D91089}.RelWithDebInfo|Win32.Build.0 = RelWithDebInfo|Win32
		{89DE8D4C-53C1-3EC1-A827-F9B54216C1A1}.Debug|Win32.ActiveCfg = Debug|Win32
		{89DE8D4C-53C1-3EC1-A827-F9B54216C1A1}.Debug|Win32.Build.0 = Debug|Win32
		{89DE8D4C-53C1-3EC1-A827-F9B54216C1A1}.Release|Win32.ActiveCfg = Release|Win32
		{89DE8D4C-53C1-3EC1-A827-F9B54216C1A1}.Release|Win32.Build.0 = Release|Win32
		{89DE8D4C-53C1-3EC1-A827-F9B54216C1A1}.MinSizeRel|Win32.ActiveCfg = MinSizeRel|Win32
		{89DE8D4C-53C1-3EC1-A827-F9B54216C1A1}.MinSizeRel|Win32.Build.0 = MinSizeRel|Win32
		{89DE8D4C-53C1-3EC1-A827-F9B54216C1A1}.RelWithDebInfo|Win32.ActiveCfg = RelWithDebInfo|Win32
		{89DE8D4C-53C1-3EC1-A827-F9B54216C1A1}.RelWithDebInfo|Win32.Build.0 = RelWithDebInfo|Win32
		{146D5546-F52D-3BEF-AF82-21589E4E8815}.Debug|Win32.ActiveCfg = Debug|Win32
		{146D5546-F52D-3BEF-AF82-21589E4E8815}.Debug|Win32.Build.0 = Debug|Win32
		{146D5546-F52D-3BEF-AF82-21589E4E8815}.Release|Win32.ActiveCfg = Release|Win32
		{146D5546-F52D-3BEF-AF82-21589E4E8815}.Release|Win32.Build.0 = Release|Win32
		{146D5546-F52D-3BEF-AF82-21589E4E8815}.MinSizeRel|Win32.ActiveCfg = MinSizeRel|Win32
		{146D5546-F52D-3BEF-AF82-21589E4E8815}.MinSizeRel|Win32.Build.0 = MinSizeRel|Win32
		{146D5546-F52D-3BEF-AF82-21589E4E8815}.RelWithDebInfo|Win32.ActiveCfg = RelWithDebInfo|Win32
		{146D5546-F52D-3BEF-AF82-21589E4E8815}.RelWithDebInfo|Win32.Build.0 = RelWithDebInfo|Win32
		{29818074-C8BC-30A5-9097-F0E283A36DE1}.Debug|Win32.ActiveCfg = Debug|Win32
		{29818074-C8BC-30A5-9097-F0E283A36DE1}.Debug|Win32.Build.0 = Debug|Win32
		{29818074-C8BC-30A5-9097-F0E283A36DE1}.Release|Win32.ActiveCfg = Release|Win32
		{29818074-C8BC-30A5-9097-F0E283A36DE1}.Release|Win32.Build.0 = Release|Win32
		{29818074-C8BC-30A5-9097-F0E283A36DE1}.MinSizeRel|Win32.ActiveCfg = MinSizeRel|Win32
		{29818074-C8BC-30A5-9097-F0E283A36DE1}.MinSizeRel|Win32.Build.0 = MinSizeRel|Win32
		{29818074-C8BC-30A5-9097-F0E283A36DE1}.RelWithDebInfo|Win32.ActiveCfg = RelWithDebInfo|Win32
		{29818074-C8BC-30A5-9097-F0E283A36DE1}.RelWithDebInfo|Win32.Build.0 = RelWithDebInfo|Win32
		{74252229-768E-392C-927C-D07A7F707A0B}.Debug|Win32.ActiveCfg = Debug|Win32
		{74252229-768E-392C-927C-D07A7F707A0B}.Debug|Win32.Build.0 = Debug|Win32
		{74252229-768E-392C-927C-D07A7F707A0B}.Release|Win32.ActiveCfg = Release|Win32
		{74252229-768E-392C-927C-D07A7F707A0B}.Release|Win32.Build.0 = Release|Win32
		{74252229-768E-392C-927C-D07A7F707A0B}.MinSizeRel|Win32.ActiveCfg = MinSizeRel|Win32
		{74252229-768E-392C-927C-D07A7F707A0B}.MinSizeRel|Win32.Build.0 = MinSizeRel|Win32
		{74252229-768E-392C-927C-D07A7F707A0B}.RelWithDebInfo|Win32.ActiveCfg = RelWithDebInfo|Win32
		{74252229-768E-392C-927C-D07A7F707A0B}.RelWithDebInfo|Win32.Build.0 = RelWithDebInfo|Win32
		{BFF2F439-AA97-3160-B29C-D718C18E468B}.Debug|Win32.ActiveCfg = Debug|Win32
		{BFF2F439-AA97-3160-B29C-D718C18E468B}.Debug|Win32.Build.0 = Debug|Win32
		{BFF2F439-AA97-3160-B29C-D718C18E468B}.Release|Win32.ActiveCfg = Release|Win32
		{BFF2F439-AA97-3160-B29C-D718C18E468B}.Release|Win32.Build.0 = Release|Win32
		{BFF2F439-AA97-3160-B29C-D718C18E468B}.MinSizeRel|Win32.ActiveCfg = MinSizeRel|Win32
		{BFF2F439-AA97-3160-B29C-D718C18E468B}.MinSizeRel|Win32.Build.0 = MinSizeRel|Win32
		{BFF2F439-AA97-3160-B29C-D718C18E468B}.RelWithDebInfo|Win32.ActiveCfg = RelWithDebInfo|Win32
		{BFF2F439-AA97-3160-B29C-D718C18E468B}.RelWithDebInfo|Win32.Build.0 = RelWithDebInfo|Win32
		{C2EB5CF1-9E45-3C64-8223-1011B0533C1B}.Debug|Win32.ActiveCfg = Debug|Win32
		{C2EB5CF1-9E45-3C64-8223-1011B0533C1B}.Debug|Win32.Build.0 = Debug|Win32
		{C2EB5CF1-9E45-3C64-8223-1011B0533C1B}.Release|Win32.ActiveCfg = Release|Win32
		{C2EB5CF1-9E45-3C64-8223-1011B0533C1B}.Release|Win32.Build.0 = Release|Win32
		{C2EB5CF1-9E45-3C64-8223-1011B0533C1B}.MinSizeRel|Win32.ActiveCfg = MinSizeRel|Win32
		{C2EB5CF1-9E45-3C64-8223-1011B0533C1B}.MinSizeRel|Win32.Build.0 = MinSizeRel|Win32
		{C2EB5CF1-9E45-3C64-8223-1011B0533C1B}.RelWithDebInfo|Win32.ActiveCfg = RelWithDebInfo|Win32
		{C2EB5CF1-9E45-3C64-8223-1011B0533C1B}.RelWithDebInfo|Win32.Build.0 = RelWithDebInfo|Win32
		{469BD3E4-C7AB-36BE-A755-74C4AD41866F}.Debug|Win32.ActiveCfg = Debug|Win32
		{469BD3E4-C7AB-36BE-A755-74C4AD41866F}.Debug|Win32.Build.0 = Debug|Win32
		{469BD3E4-C7AB-36BE-A755-74C4AD41866F}.Release|Win32.ActiveCfg = Release|Win32
		{469BD3E4-C7AB-36BE-A755-74C4AD41866F}.Release|Win32.Build.0 = Release|Win32
		{469BD3E4-C7AB-36BE-A755-74C4AD41866F}.MinSizeRel|Win32.ActiveCfg = MinSizeRel|Win32
		{469BD3E4-C7AB-36BE-A755-74C4AD41866F}.MinSizeRel|Win32.Build.0 = MinSizeRel|Win32
		{469BD3E4-C7AB-36BE-A755-74C4AD41866F}.RelWithDebInfo|Win32.ActiveCfg = RelWithDebInfo|Win32
		{469BD3E4-C7AB-36BE-A755-74C4AD41866F}.RelWithDebInfo|Win32.Build.0 = RelWithDebInfo|Win32
		{8AC0A74A-E866-3D4E-A144-0C61CD8E944E}.Debug|Win32.ActiveCfg = Debug|Win32
		{8AC0A74A-E866-3D4E-A144-0C61CD8E944E}.Debug|Win32.Build.0 = Debug|Win32
		{8AC0A74A-E866-3D4E-A144-0C61CD8E944E}.Release|Win32.ActiveCfg = Release|Win32
		{8AC0A74A-E866-3D4E-A144-0C61CD8E944E}.Release|Win32.Build.0 = Release|Win32
		{8AC0A74A-E866-3D4E-A144-0C61CD8E944E}.MinSizeRel|Win32.ActiveCfg = MinSizeRel|Win32
		{8AC0A74A-E866-3D4E-A144-0C61CD8E944E}.MinSizeRel|Win32.Build.0 = MinSizeRel|Win32
		{8AC0A74A-E866-3D4E-A144-0C61CD8E944E}.RelWithDebInfo|Win32.ActiveCfg = RelWithDebInfo|Win32
		{8AC0A74A-E866-3D4E-A144-0C61CD8E944E}.RelWithDebInfo|Win32.Build.0 = RelWithDebInfo|Win32
		{E2D73CF2-D163-3BCA-95E3-90B493C43AA4}.Debug|Win32.ActiveCfg = Debug|Win32
		{E2D73CF2-D163-3BCA-95E3-90B493C43AA4}.Debug|Win32.Build.0 = Debug|Win32
		{E2D73CF2-D163-3BCA-95E3-90B493C43AA4}.Release|Win32.ActiveCfg = Release|Win32
		{E2D73CF2-D163-3BCA-95E3-90B493C43AA4}.Release|Win32.Build.0 = Release|Win32
		{E2D73CF2-D163-3BCA-95E3-90B493C43AA4}.MinSizeRel|Win32.ActiveCfg = MinSizeRel|Win32
		{E2D73CF2-D163-3BCA-95E3-90B493C43AA4}.MinSizeRel|Win32.Build.0 = MinSizeRel|Win32
		{E2D73CF2-D163-3BCA-95E3-90B493C43AA4}.RelWithDebInfo|Win32.ActiveCfg = RelWithDebInfo|Win32
		{E2D73CF2-D163-3BCA-95E3-90B493C43AA4}.RelWithDebInfo|Win32.Build.0 = RelWithDebInfo|Win32
		{CE1A8894-FDF5-3CE1-A652-261C51671A92}.Debug|Win32.ActiveCfg = Debug|Win32
		{CE1A8894-FDF5-3CE1-A652-261C51671A92}.Debug|Win32.Build.0 = Debug|Win32
		{CE1A8894-FDF5-3CE1-A652-261C51671A92}.Release|Win32.ActiveCfg = Release|Win32
		{CE1A8894-FDF5-3CE1-A652-261C51671A92}.Release|Win32.Build.0 = Release|Win32
		{CE1A8894-FDF5-3CE1-A652-261C51671A92}.MinSizeRel|Win32.ActiveCfg = MinSizeRel|Win32
		{CE1A8894-FDF5-3CE1-A652-261C51671A92}.MinSizeRel|Win32.Build.0 = MinSizeRel|Win32
		{CE1A8894-FDF5-3CE1-A652-261C51671A92}.RelWithDebInfo|Win32.ActiveCfg = RelWithDebInfo|Win32
		{CE1A8894-FDF5-3CE1-A652-261C51671A92}.RelWithDebInfo|Win32.Build.0 = RelWithDebInfo|Win32
		{6DCCB669-46DA-3F54-B453-24F34AA43C0E}.Debug|Win32.ActiveCfg = Debug|Win32
		{6DCCB669-46DA-3F54-B453-24F34AA43C0E}.Debug|Win32.Build.0 = Debug|Win32
		{6DCCB669-46DA-3F54-B453-24F34AA43C0E}.Release|Win32.ActiveCfg = Release|Win32
		{6DCCB669-46DA-3F54-B453-24F34AA43C0E}.Release|Win32.Build.0 = Release|Win32
		{6DCCB669-46DA-3F54-B453-24F34AA43C0E}.MinSizeRel|Win32.ActiveCfg = MinSizeRel|Win32
		{6DCCB669-46DA-3F54-B453-24F34AA43C0E}.MinSizeRel|Win32.Build.0 = MinSizeRel|Win32
		{6DCCB669-46DA-3F54-B453-24F34AA43C0E}.RelWithDebInfo|Win32.ActiveCfg = RelWithDebInfo|Win32
		{6DCCB669-46DA-3F54-B453-24F34AA43C0E}.RelWithDebInfo|Win32.Build.0 = RelWithDebInfo|Win32
		{3C39BDA9-1485-3E3D-9F1B-43A964657E78}.Debug|Win32.ActiveCfg = Debug|Win32
		{3C39BDA9-1485-3E3D-9F1B-43A964657E78}.Debug|Win32.Build.0 = Debug|Win32
		{3C39BDA9-1485-3E3D-9F1B-43A964657E78}.Release|Win32.ActiveCfg = Release|Win32
		{3C39BDA9-1485-3E3D-9F1B-43A964657E78}.Release|Win32.Build.0 = Release|Win32
		{3C39BDA9-1485-3E3D-9F1B-43A964657E78}.MinSizeRel|Win32.ActiveCfg = MinSizeRel|Win32
		{3C39BDA9-1485-3E3D-9F1B-43A964657E78}.MinSizeRel|Win32.Build.0 = MinSizeRel|Win32
		{3C39BDA9-1485-3E3D-9F1B-43A964657E78}.RelWithDebInfo|Win32.ActiveCfg = RelWithDebInfo|Win32
		{3C39BDA9-1485-3E3D-9F1B-43A964657E78}.RelWithDebInfo|Win32.Build.0 = RelWithDebInfo|Win32
		{BBF34D67-6EE5-314E-9C4B-D67B543963C2}.Debug|Win32.ActiveCfg = Debug|Win32
		{BBF34D67-6EE5-314E-9C4B-D67B543963C2}.Debug|Win32.Build.0 = Debug|Win32
		{BBF34D67-6EE5-314E-9C4B-D67B543963C2}.Release|Win32.ActiveCfg = Release|Win32
		{BBF34D67-6EE5-314E-9C4B-D67B543963C2}.Release|Win32.Build.0 = Release|Win32
		{BBF34D67-6EE5-314E-9C4B-D67B543963C2}.MinSizeRel|Win32.ActiveCfg = MinSizeRel|Win32
		{BBF34D67-6EE5-314E-9C4B-D67B543963C2}.MinSizeRel|Win32.Build.0 = MinSizeRel|Win32
		{BBF34D67-6EE5-314E-9C4B-D67B543963C2}.RelWithDebInfo|Win32.ActiveCfg = RelWithDebInfo|Win32
		{BBF34D67-6EE5-314E-9C4B-D67B543963C2}.RelWithDebInfo|Win32.Build.0 = RelWithDebInfo|Win32
		{0C5B1400-A4B5-334A-BF29-EDC1A9FA9273}.Debug|Win32.ActiveCfg = Debug|Win32
		{0C5B1400-A4B5-334A-BF29-EDC1A9FA9273}.Release|Win32.ActiveCfg = Release|Win32
		{0C5B1400-A4B5-334A-BF29-EDC1A9FA9273}.MinSizeRel|Win32.ActiveCfg = MinSizeRel|Win32
		{0C5B1400-A4B5-334A-BF29-EDC1A9FA9273}.RelWithDebInfo|Win32.ActiveCfg = RelWithDebInfo|Win32
		{B2FAF5E4-6991-3823-B6E4-3AE91C80273F}.Debug|Win32.ActiveCfg = Debug|Win32
		{B2FAF5E4-6991-3823-B6E4-3AE91C80273F}.Debug|Win32.Build.0 = Debug|Win32
		{B2FAF5E4-6991-3823-B6E4-3AE91C80273F}.Release|Win32.ActiveCfg = Release|Win32
		{B2FAF5E4-6991-3823-B6E4-3AE91C80273F}.Release|Win32.Build.0 = Release|Win32
		{B2FAF5E4-6991-3823-B6E4-3AE91C80273F}.MinSizeRel|Win32.ActiveCfg = MinSizeRel|Win32
		{B2FAF5E4-6991-3823-B6E4-3AE91C80273F}.MinSizeRel|Win32.Build.0 = MinSizeRel|Win32
		{B2FAF5E4-6991-3823-B6E4-3AE91C80273F}.RelWithDebInfo|Win32.ActiveCfg = RelWithDebInfo|Win32
		{B2FAF5E4-6991-3823-B6E4-3AE91C80273F}.RelWithDebInfo|Win32.Build.0 = RelWithDebInfo|Win32
		{B49AFE34-C828-346C-ABEF-5559CF5DE539}.Debug|Win32.ActiveCfg = Debug|Win32
		{B49AFE34-C828-346C-ABEF-5559CF5DE539}.Debug|Win32.Build.0 = Debug|Win32
		{B49AFE34-C828-346C-ABEF-5559CF5DE539}.Release|Win32.ActiveCfg = Release|Win32
		{B49AFE34-C828-346C-ABEF-5559CF5DE539}.Release|Win32.Build.0 = Release|Win32
		{B49AFE34-C828-346C-ABEF-5559CF5DE539}.MinSizeRel|Win32.ActiveCfg = MinSizeRel|Win32
		{B49AFE34-C828-346C-ABEF-5559CF5DE539}.MinSizeRel|Win32.Build.0 = MinSizeRel|Win32
		{B49AFE34-C828-346C-ABEF-5559CF5DE539}.RelWithDebInfo|Win32.ActiveCfg = RelWithDebInfo|Win32
		{B49AFE34-C828-346C-ABEF-5559CF5DE539}.RelWithDebInfo|Win32.Build.0 = RelWithDebInfo|Win32
	EndGlobalSection
	GlobalSection(NestedProjects) = preSolution
		{ACE8E322-00F9-3DB1-B40C-801C75CB0CF2} = {1A97A18B-097D-3821-BA9C-38D4104224D1}
		{6451778F-38E6-3B22-A059-2EC6FE2363C7} = {1A97A18B-097D-3821-BA9C-38D4104224D1}
		{1000D987-5D99-3DC0-BC58-6C1E1F155F86} = {1A97A18B-097D-3821-BA9C-38D4104224D1}
		{CE002576-5EB8-3A68-AB01-5160A9C24ECA} = {82B9100C-9655-3455-9C25-3CE18723B4E7}
		{97B1CC6C-9A00-3E4D-BC4A-623A42E789FC} = {82B9100C-9655-3455-9C25-3CE18723B4E7}
		{2C42FA15-CB55-3A0A-AFC5-D20D4382FF99} = {82B9100C-9655-3455-9C25-3CE18723B4E7}
		{B134B293-12C4-31A0-B091-DF02F81FD855} = {CE002576-5EB8-3A68-AB01-5160A9C24ECA}
		{444C12B2-B927-323B-9E30-219CC1ACE68B} = {CE002576-5EB8-3A68-AB01-5160A9C24ECA}
		{9663D94C-C40F-3BFC-85E1-55C85DC2AA73} = {CE002576-5EB8-3A68-AB01-5160A9C24ECA}
		{BFF2F439-AA97-3160-B29C-D718C18E468B} = {CE002576-5EB8-3A68-AB01-5160A9C24ECA}
		{8AC0A74A-E866-3D4E-A144-0C61CD8E944E} = {CE002576-5EB8-3A68-AB01-5160A9C24ECA}
		{E2D73CF2-D163-3BCA-95E3-90B493C43AA4} = {CE002576-5EB8-3A68-AB01-5160A9C24ECA}
		{B2FAF5E4-6991-3823-B6E4-3AE91C80273F} = {CE002576-5EB8-3A68-AB01-5160A9C24ECA}
		{6A46F1C0-8981-3BB6-8E8D-E255DC6DEA2C} = {97B1CC6C-9A00-3E4D-BC4A-623A42E789FC}
		{222B539A-298D-315E-A25E-AD0710A07D1A} = {97B1CC6C-9A00-3E4D-BC4A-623A42E789FC}
		{36B623E6-8FCF-375F-A627-CE24E8A75814} = {97B1CC6C-9A00-3E4D-BC4A-623A42E789FC}
		{1FC469C7-8AC0-3053-A599-2C43C516FDB8} = {97B1CC6C-9A00-3E4D-BC4A-623A42E789FC}
		{A0F609C4-471D-3BBD-89C5-C8A2FCB3AE8B} = {97B1CC6C-9A00-3E4D-BC4A-623A42E789FC}
		{1405AECC-998A-3154-B9B6-B3736034748F} = {97B1CC6C-9A00-3E4D-BC4A-623A42E789FC}
		{A549B825-4F02-3AE9-872A-4B1E31D91089} = {97B1CC6C-9A00-3E4D-BC4A-623A42E789FC}
		{89DE8D4C-53C1-3EC1-A827-F9B54216C1A1} = {97B1CC6C-9A00-3E4D-BC4A-623A42E789FC}
		{146D5546-F52D-3BEF-AF82-21589E4E8815} = {97B1CC6C-9A00-3E4D-BC4A-623A42E789FC}
		{29818074-C8BC-30A5-9097-F0E283A36DE1} = {97B1CC6C-9A00-3E4D-BC4A-623A42E789FC}
		{74252229-768E-392C-927C-D07A7F707A0B} = {97B1CC6C-9A00-3E4D-BC4A-623A42E789FC}
		{C2EB5CF1-9E45-3C64-8223-1011B0533C1B} = {97B1CC6C-9A00-3E4D-BC4A-623A42E789FC}
		{469BD3E4-C7AB-36BE-A755-74C4AD41866F} = {97B1CC6C-9A00-3E4D-BC4A-623A42E789FC}
		{CE1A8894-FDF5-3CE1-A652-261C51671A92} = {97B1CC6C-9A00-3E4D-BC4A-623A42E789FC}
		{6DCCB669-46DA-3F54-B453-24F34AA43C0E} = {97B1CC6C-9A00-3E4D-BC4A-623A42E789FC}
		{3C39BDA9-1485-3E3D-9F1B-43A964657E78} = {97B1CC6C-9A00-3E4D-BC4A-623A42E789FC}
		{BBF34D67-6EE5-314E-9C4B-D67B543963C2} = {97B1CC6C-9A00-3E4D-BC4A-623A42E789FC}
		{B49AFE34-C828-346C-ABEF-5559CF5DE539} = {97B1CC6C-9A00-3E4D-BC4A-623A42E789FC}
	EndGlobalSection
	GlobalSection(ExtensibilityGlobals) = postSolution
	EndGlobalSection
	GlobalSection(ExtensibilityAddIns) = postSolution
	EndGlobalSection
EndGlobal
